
Microsoft Visual Studio Solution File, Format Version 12.00
# Visual Studio 15
Project("{FAE04EC0-301F-11D3-BF4B-00C04F79EFBC}") = "MerryYellow.CodeAssist.Editor", "MerryYellow.CodeAssist.Editor.csproj", "{54683365-6B55-744C-8989-077D166FAD18}"
EndProject
Project("{FAE04EC0-301F-11D3-BF4B-00C04F79EFBC}") = "Assembly-CSharp", "Assembly-CSharp.csproj", "{0AC72B43-BE95-4ECE-D7E6-EC42DCC4EBE6}"
EndProject
Global
	GlobalSection(SolutionConfigurationPlatforms) = preSolution
		Debug|Any CPU = Debug|Any CPU
		Release|Any CPU = Release|Any CPU
	EndGlobalSection
	GlobalSection(ProjectConfigurationPlatforms) = postSolution
		{54683365-6B55-744C-8989-077D166FAD18}.Debug|Any CPU.ActiveCfg = Debug|Any CPU
		{54683365-6B55-744C-8989-077D166FAD18}.Debug|Any CPU.Build.0 = Debug|Any CPU
		{54683365-6B55-744C-8989-077D166FAD18}.Release|Any CPU.ActiveCfg = Release|Any CPU
		{54683365-6B55-744C-8989-077D166FAD18}.Release|Any CPU.Build.0 = Release|Any CPU
		{0AC72B43-BE95-4ECE-D7E6-EC42DCC4EBE6}.Debug|Any CPU.ActiveCfg = Debug|Any CPU
		{0AC72B43-BE95-4ECE-D7E6-EC42DCC4EBE6}.Debug|Any CPU.Build.0 = Debug|Any CPU
		{0AC72B43-BE95-4ECE-D7E6-EC42DCC4EBE6}.Release|Any CPU.ActiveCfg = Release|Any CPU
		{0AC72B43-BE95-4ECE-D7E6-EC42DCC4EBE6}.Release|Any CPU.Build.0 = Release|Any CPU
	EndGlobalSection
	GlobalSection(SolutionProperties) = preSolution
		HideSolutionNode = FALSE
	EndGlobalSection
EndGlobal
